
Microsoft Visual Studio Solution File, Format Version 12.00
# Visual Studio Version 17
VisualStudioVersion = 17.10.34916.146
MinimumVisualStudioVersion = 10.0.40219.1
Project("{888888A0-9F3D-457C-B088-3A5042F75D52}") = "ESGBOT", "ESGBOT.pyproj", "{A71FCD1B-58B4-4EC9-B2DE-B63FBD966958}"
EndProject
Global
	GlobalSection(SolutionConfigurationPlatforms) = preSolution
		Debug|Any CPU = Debug|Any CPU
		Release|Any CPU = Release|Any CPU
	EndGlobalSection
	GlobalSection(ProjectConfigurationPlatforms) = postSolution
		{A71FCD1B-58B4-4EC9-B2DE-B63FBD966958}.Debug|Any CPU.ActiveCfg = Debug|Any CPU
		{A71FCD1B-58B4-4EC9-B2DE-B63FBD966958}.Release|Any CPU.ActiveCfg = Release|Any CPU
	EndGlobalSection
	GlobalSection(SolutionProperties) = preSolution
		HideSolutionNode = FALSE
	EndGlobalSection
	GlobalSection(ExtensibilityGlobals) = postSolution
		SolutionGuid = {50D45E27-1C03-4CF2-94A8-20D915B71199}
	EndGlobalSection
EndGlobal
